// !$*UTF8*$!
{
	archiveVersion = 1;
	classes = {
	};
	objectVersion = 50;
	objects = {

/* Begin PBXBuildFile section */
		0E565F3FC95F5CEA6E556C06 /* Pods_Styx.framework in Frameworks */ = {isa = PBXBuildFile; fileRef = 47F159ED3098E5E162570D4F /* Pods_Styx.framework */; };
		5608DAC021D154DC00219D32 /* GlobalConsts.swift in Sources */ = {isa = PBXBuildFile; fileRef = 5608DABE21D154DC00219D32 /* GlobalConsts.swift */; };
		5608DAC221D164CA00219D32 /* WarningSettingTableViewCell.swift in Sources */ = {isa = PBXBuildFile; fileRef = 5608DAC121D164CA00219D32 /* WarningSettingTableViewCell.swift */; };
		5608DAC421D164DA00219D32 /* NotificationSettingTableViewCell.swift in Sources */ = {isa = PBXBuildFile; fileRef = 5608DAC321D164DA00219D32 /* NotificationSettingTableViewCell.swift */; };
		560A5CDC21CD6C820092B0C5 /* UIViewControllerExtension.swift in Sources */ = {isa = PBXBuildFile; fileRef = 560A5CDB21CD6C820092B0C5 /* UIViewControllerExtension.swift */; };
		560A5CDE21CF0C890092B0C5 /* SettingViewController.swift in Sources */ = {isa = PBXBuildFile; fileRef = 560A5CDD21CF0C890092B0C5 /* SettingViewController.swift */; };
		561C541F21C4065A00A880BE /* Label.swift in Sources */ = {isa = PBXBuildFile; fileRef = 561C541E21C4065A00A880BE /* Label.swift */; };
		561C542121C4067E00A880BE /* Image.swift in Sources */ = {isa = PBXBuildFile; fileRef = 561C542021C4067E00A880BE /* Image.swift */; };
		561C542321C4161500A880BE /* TaskDB.swift in Sources */ = {isa = PBXBuildFile; fileRef = 561C542221C4161500A880BE /* TaskDB.swift */; };
		561C542521C5A81700A880BE /* FileUtil.swift in Sources */ = {isa = PBXBuildFile; fileRef = 561C542421C5A81700A880BE /* FileUtil.swift */; };
		561C542721C6F63B00A880BE /* LabelTableViewCell.swift in Sources */ = {isa = PBXBuildFile; fileRef = 561C542621C6F63B00A880BE /* LabelTableViewCell.swift */; };
		561C542C21C8A4BB00A880BE /* StringExtension.swift in Sources */ = {isa = PBXBuildFile; fileRef = 561C542B21C8A4BB00A880BE /* StringExtension.swift */; };
		561C543021C8A61A00A880BE /* ConfirmDialogView.xib in Resources */ = {isa = PBXBuildFile; fileRef = 561C542E21C8A61A00A880BE /* ConfirmDialogView.xib */; };
		561C543121C8A61A00A880BE /* ConfirmDialogView.swift in Sources */ = {isa = PBXBuildFile; fileRef = 561C542F21C8A61A00A880BE /* ConfirmDialogView.swift */; };
		561C543721CAD6A800A880BE /* ListTableViewCell.swift in Sources */ = {isa = PBXBuildFile; fileRef = 561C543621CAD6A800A880BE /* ListTableViewCell.swift */; };
		561C543B21CAD6CA00A880BE /* ShowCompletedListTableViewCell.swift in Sources */ = {isa = PBXBuildFile; fileRef = 561C543A21CAD6CA00A880BE /* ShowCompletedListTableViewCell.swift */; };
		561C543D21CAFA4200A880BE /* ListRadioButton.swift in Sources */ = {isa = PBXBuildFile; fileRef = 561C543C21CAFA3F00A880BE /* ListRadioButton.swift */; };
		561C543F21CB440E00A880BE /* SideMenuTableViewController.swift in Sources */ = {isa = PBXBuildFile; fileRef = 561C543E21CB440E00A880BE /* SideMenuTableViewController.swift */; };
		56435C7721C17D5700D31172 /* AppDelegate.swift in Sources */ = {isa = PBXBuildFile; fileRef = 56435C7621C17D5700D31172 /* AppDelegate.swift */; };
		56435C7C21C17D5700D31172 /* Main.storyboard in Resources */ = {isa = PBXBuildFile; fileRef = 56435C7A21C17D5700D31172 /* Main.storyboard */; };
		56435C8121C17D5900D31172 /* LaunchScreen.storyboard in Resources */ = {isa = PBXBuildFile; fileRef = 56435C7F21C17D5900D31172 /* LaunchScreen.storyboard */; };
		56435C8E21C1818F00D31172 /* GoogleService-Info.plist in Resources */ = {isa = PBXBuildFile; fileRef = 56435C8D21C1818F00D31172 /* GoogleService-Info.plist */; };
		56435C9121C1839900D31172 /* Localizable.strings in Resources */ = {isa = PBXBuildFile; fileRef = 56435C9321C1839900D31172 /* Localizable.strings */; };
		56435CA021C2036000D31172 /* MainViewController.swift in Sources */ = {isa = PBXBuildFile; fileRef = 56435C9F21C2036000D31172 /* MainViewController.swift */; };
		56435CA221C2DC5F00D31172 /* Task.swift in Sources */ = {isa = PBXBuildFile; fileRef = 56435CA121C2DC5F00D31172 /* Task.swift */; };
		56435CA621C306EF00D31172 /* TaskTableViewCell.swift in Sources */ = {isa = PBXBuildFile; fileRef = 56435CA521C306EF00D31172 /* TaskTableViewCell.swift */; };
		56435CAC21C31AAD00D31172 /* TaskTableViewController.swift in Sources */ = {isa = PBXBuildFile; fileRef = 56435CAB21C31AAD00D31172 /* TaskTableViewController.swift */; };
		56435CAE21C3276000D31172 /* DateExtension.swift in Sources */ = {isa = PBXBuildFile; fileRef = 56435CAD21C3275F00D31172 /* DateExtension.swift */; };
		5665355021D5C2B800D9FF92 /* ColorExtension.swift in Sources */ = {isa = PBXBuildFile; fileRef = 5665354F21D5C2B800D9FF92 /* ColorExtension.swift */; };
		5665355421D5C6DC00D9FF92 /* AddLabelTableViewCell.swift in Sources */ = {isa = PBXBuildFile; fileRef = 5665355321D5C6DC00D9FF92 /* AddLabelTableViewCell.swift */; };
		5665355621D6B16600D9FF92 /* AddTaskViewController.swift in Sources */ = {isa = PBXBuildFile; fileRef = 5665355521D6B16600D9FF92 /* AddTaskViewController.swift */; };
		5665355821D6B17700D9FF92 /* AddLabelViewController.swift in Sources */ = {isa = PBXBuildFile; fileRef = 5665355721D6B17700D9FF92 /* AddLabelViewController.swift */; };
		5665355A21D6B2FA00D9FF92 /* AddTaskTableViewCell.swift in Sources */ = {isa = PBXBuildFile; fileRef = 5665355921D6B2FA00D9FF92 /* AddTaskTableViewCell.swift */; };
		5678526121D096F300BD6192 /* NotificationSettingViewController.swift in Sources */ = {isa = PBXBuildFile; fileRef = 5678526021D096F300BD6192 /* NotificationSettingViewController.swift */; };
		5678526321D0970900BD6192 /* WarningSettingViewController.swift in Sources */ = {isa = PBXBuildFile; fileRef = 5678526221D0970900BD6192 /* WarningSettingViewController.swift */; };
		5678526721D0973700BD6192 /* LicenseSettingViewController.swift in Sources */ = {isa = PBXBuildFile; fileRef = 5678526621D0973700BD6192 /* LicenseSettingViewController.swift */; };
		567A9D6921E13CBA00894D91 /* TaskSettingViewController.swift in Sources */ = {isa = PBXBuildFile; fileRef = 567A9D6821E13CBA00894D91 /* TaskSettingViewController.swift */; };
		567A9D6B21E1408100894D91 /* AddTaskDueTableViewCell.swift in Sources */ = {isa = PBXBuildFile; fileRef = 567A9D6A21E1408100894D91 /* AddTaskDueTableViewCell.swift */; };
		567A9D6D21E1559B00894D91 /* IntExtension.swift in Sources */ = {isa = PBXBuildFile; fileRef = 567A9D6C21E1559B00894D91 /* IntExtension.swift */; };
		567FBD262211F8B000DF342B /* AppDefaults.swift in Sources */ = {isa = PBXBuildFile; fileRef = 567FBD252211F8B000DF342B /* AppDefaults.swift */; };
		568EC45321D6BED4004C8E33 /* TaskNotifTableViewCell.swift in Sources */ = {isa = PBXBuildFile; fileRef = 568EC45221D6BED4004C8E33 /* TaskNotifTableViewCell.swift */; };
		568EC45521D6BEE3004C8E33 /* AddTaskDateTableViewCell.swift in Sources */ = {isa = PBXBuildFile; fileRef = 568EC45421D6BEE3004C8E33 /* AddTaskDateTableViewCell.swift */; };
		568EC45721D6C0FD004C8E33 /* Assets.xcassets in Resources */ = {isa = PBXBuildFile; fileRef = 568EC45621D6C0FC004C8E33 /* Assets.xcassets */; };
		568EC45921D8379F004C8E33 /* AddTaskRepeatTableViewCell.swift in Sources */ = {isa = PBXBuildFile; fileRef = 568EC45821D8379F004C8E33 /* AddTaskRepeatTableViewCell.swift */; };
		568EC45B21DAA4A4004C8E33 /* ControlUtil.swift in Sources */ = {isa = PBXBuildFile; fileRef = 568EC45A21DAA4A4004C8E33 /* ControlUtil.swift */; };
		568F803721C36B5F00D8F652 /* List.swift in Sources */ = {isa = PBXBuildFile; fileRef = 568F803621C36B5F00D8F652 /* List.swift */; };
		56C0CB3521DE6F8A0041864C /* AddLabelColorIDTableViewCell.swift in Sources */ = {isa = PBXBuildFile; fileRef = 56C0CB3421DE6F8A0041864C /* AddLabelColorIDTableViewCell.swift */; };
		56CC3BD0220F2D1400713147 /* WarningDatePickerTableViewCell.swift in Sources */ = {isa = PBXBuildFile; fileRef = 56CC3BCF220F2D1400713147 /* WarningDatePickerTableViewCell.swift */; };
/* End PBXBuildFile section */

/* Begin PBXFileReference section */
		47F159ED3098E5E162570D4F /* Pods_Styx.framework */ = {isa = PBXFileReference; explicitFileType = wrapper.framework; includeInIndex = 0; path = Pods_Styx.framework; sourceTree = BUILT_PRODUCTS_DIR; };
		5608DABF21D154DC00219D32 /* Base */ = {isa = PBXFileReference; lastKnownFileType = sourcecode.swift; name = Base; path = Styx/Base.lproj/GlobalConsts.swift; sourceTree = SOURCE_ROOT; };
		5608DAC121D164CA00219D32 /* WarningSettingTableViewCell.swift */ = {isa = PBXFileReference; lastKnownFileType = sourcecode.swift; path = WarningSettingTableViewCell.swift; sourceTree = "<group>"; };
		5608DAC321D164DA00219D32 /* NotificationSettingTableViewCell.swift */ = {isa = PBXFileReference; lastKnownFileType = sourcecode.swift; path = NotificationSettingTableViewCell.swift; sourceTree = "<group>"; };
		560A5CDB21CD6C820092B0C5 /* UIViewControllerExtension.swift */ = {isa = PBXFileReference; lastKnownFileType = sourcecode.swift; path = UIViewControllerExtension.swift; sourceTree = "<group>"; };
		560A5CDD21CF0C890092B0C5 /* SettingViewController.swift */ = {isa = PBXFileReference; lastKnownFileType = sourcecode.swift; path = SettingViewController.swift; sourceTree = "<group>"; };
		561C541E21C4065A00A880BE /* Label.swift */ = {isa = PBXFileReference; lastKnownFileType = sourcecode.swift; path = Label.swift; sourceTree = "<group>"; };
		561C542021C4067E00A880BE /* Image.swift */ = {isa = PBXFileReference; lastKnownFileType = sourcecode.swift; path = Image.swift; sourceTree = "<group>"; };
		561C542221C4161500A880BE /* TaskDB.swift */ = {isa = PBXFileReference; lastKnownFileType = sourcecode.swift; path = TaskDB.swift; sourceTree = "<group>"; };
		561C542421C5A81700A880BE /* FileUtil.swift */ = {isa = PBXFileReference; lastKnownFileType = sourcecode.swift; path = FileUtil.swift; sourceTree = "<group>"; };
		561C542621C6F63B00A880BE /* LabelTableViewCell.swift */ = {isa = PBXFileReference; lastKnownFileType = sourcecode.swift; path = LabelTableViewCell.swift; sourceTree = "<group>"; };
		561C542B21C8A4BB00A880BE /* StringExtension.swift */ = {isa = PBXFileReference; lastKnownFileType = sourcecode.swift; path = StringExtension.swift; sourceTree = "<group>"; };
		561C542E21C8A61A00A880BE /* ConfirmDialogView.xib */ = {isa = PBXFileReference; fileEncoding = 4; lastKnownFileType = file.xib; path = ConfirmDialogView.xib; sourceTree = "<group>"; };
		561C542F21C8A61A00A880BE /* ConfirmDialogView.swift */ = {isa = PBXFileReference; fileEncoding = 4; lastKnownFileType = sourcecode.swift; path = ConfirmDialogView.swift; sourceTree = "<group>"; };
		561C543621CAD6A800A880BE /* ListTableViewCell.swift */ = {isa = PBXFileReference; lastKnownFileType = sourcecode.swift; path = ListTableViewCell.swift; sourceTree = "<group>"; };
		561C543A21CAD6CA00A880BE /* ShowCompletedListTableViewCell.swift */ = {isa = PBXFileReference; lastKnownFileType = sourcecode.swift; path = ShowCompletedListTableViewCell.swift; sourceTree = "<group>"; };
		561C543C21CAFA3F00A880BE /* ListRadioButton.swift */ = {isa = PBXFileReference; lastKnownFileType = sourcecode.swift; path = ListRadioButton.swift; sourceTree = "<group>"; };
		561C543E21CB440E00A880BE /* SideMenuTableViewController.swift */ = {isa = PBXFileReference; lastKnownFileType = sourcecode.swift; path = SideMenuTableViewController.swift; sourceTree = "<group>"; };
		56435C7321C17D5700D31172 /* Styx.app */ = {isa = PBXFileReference; explicitFileType = wrapper.application; includeInIndex = 0; path = Styx.app; sourceTree = BUILT_PRODUCTS_DIR; };
		56435C7621C17D5700D31172 /* AppDelegate.swift */ = {isa = PBXFileReference; lastKnownFileType = sourcecode.swift; path = AppDelegate.swift; sourceTree = "<group>"; };
		56435C7B21C17D5700D31172 /* Base */ = {isa = PBXFileReference; lastKnownFileType = file.storyboard; name = Base; path = Base.lproj/Main.storyboard; sourceTree = "<group>"; };
		56435C8021C17D5900D31172 /* Base */ = {isa = PBXFileReference; lastKnownFileType = file.storyboard; name = Base; path = Base.lproj/LaunchScreen.storyboard; sourceTree = "<group>"; };
		56435C8221C17D5900D31172 /* Info.plist */ = {isa = PBXFileReference; lastKnownFileType = text.plist.xml; path = Info.plist; sourceTree = "<group>"; };
		56435C8D21C1818F00D31172 /* GoogleService-Info.plist */ = {isa = PBXFileReference; fileEncoding = 4; lastKnownFileType = text.plist.xml; path = "GoogleService-Info.plist"; sourceTree = "<group>"; };
		56435C9221C1839900D31172 /* en */ = {isa = PBXFileReference; lastKnownFileType = text.plist.strings; name = en; path = en.lproj/Localizable.strings; sourceTree = "<group>"; };
		56435C9421C1846200D31172 /* zh-Hans */ = {isa = PBXFileReference; lastKnownFileType = text.plist.strings; name = "zh-Hans"; path = "zh-Hans.lproj/Localizable.strings"; sourceTree = "<group>"; };
		56435C9521C1846D00D31172 /* ja */ = {isa = PBXFileReference; lastKnownFileType = text.plist.strings; name = ja; path = ja.lproj/Localizable.strings; sourceTree = "<group>"; };
		56435C9621C1847F00D31172 /* es */ = {isa = PBXFileReference; lastKnownFileType = text.plist.strings; name = es; path = es.lproj/Localizable.strings; sourceTree = "<group>"; };
		56435C9721C1848D00D31172 /* fr */ = {isa = PBXFileReference; lastKnownFileType = text.plist.strings; name = fr; path = fr.lproj/Localizable.strings; sourceTree = "<group>"; };
		56435C9821C1849700D31172 /* de */ = {isa = PBXFileReference; lastKnownFileType = text.plist.strings; name = de; path = de.lproj/Localizable.strings; sourceTree = "<group>"; };
		56435C9921C1849F00D31172 /* ru */ = {isa = PBXFileReference; lastKnownFileType = text.plist.strings; name = ru; path = ru.lproj/Localizable.strings; sourceTree = "<group>"; };
		56435C9A21C184A700D31172 /* pt-PT */ = {isa = PBXFileReference; lastKnownFileType = text.plist.strings; name = "pt-PT"; path = "pt-PT.lproj/Localizable.strings"; sourceTree = "<group>"; };
		56435C9B21C184B000D31172 /* it */ = {isa = PBXFileReference; lastKnownFileType = text.plist.strings; name = it; path = it.lproj/Localizable.strings; sourceTree = "<group>"; };
		56435C9C21C184B900D31172 /* ko */ = {isa = PBXFileReference; lastKnownFileType = text.plist.strings; name = ko; path = ko.lproj/Localizable.strings; sourceTree = "<group>"; };
		56435C9F21C2036000D31172 /* MainViewController.swift */ = {isa = PBXFileReference; lastKnownFileType = sourcecode.swift; path = MainViewController.swift; sourceTree = "<group>"; };
		56435CA121C2DC5F00D31172 /* Task.swift */ = {isa = PBXFileReference; lastKnownFileType = sourcecode.swift; path = Task.swift; sourceTree = "<group>"; };
		56435CA521C306EF00D31172 /* TaskTableViewCell.swift */ = {isa = PBXFileReference; lastKnownFileType = sourcecode.swift; path = TaskTableViewCell.swift; sourceTree = "<group>"; };
		56435CAB21C31AAD00D31172 /* TaskTableViewController.swift */ = {isa = PBXFileReference; lastKnownFileType = sourcecode.swift; path = TaskTableViewController.swift; sourceTree = "<group>"; };
		56435CAD21C3275F00D31172 /* DateExtension.swift */ = {isa = PBXFileReference; lastKnownFileType = sourcecode.swift; path = DateExtension.swift; sourceTree = "<group>"; };
		5665354F21D5C2B800D9FF92 /* ColorExtension.swift */ = {isa = PBXFileReference; lastKnownFileType = sourcecode.swift; path = ColorExtension.swift; sourceTree = "<group>"; };
		5665355321D5C6DC00D9FF92 /* AddLabelTableViewCell.swift */ = {isa = PBXFileReference; lastKnownFileType = sourcecode.swift; path = AddLabelTableViewCell.swift; sourceTree = "<group>"; };
		5665355521D6B16600D9FF92 /* AddTaskViewController.swift */ = {isa = PBXFileReference; lastKnownFileType = sourcecode.swift; path = AddTaskViewController.swift; sourceTree = "<group>"; };
		5665355721D6B17700D9FF92 /* AddLabelViewController.swift */ = {isa = PBXFileReference; lastKnownFileType = sourcecode.swift; path = AddLabelViewController.swift; sourceTree = "<group>"; };
		5665355921D6B2FA00D9FF92 /* AddTaskTableViewCell.swift */ = {isa = PBXFileReference; lastKnownFileType = sourcecode.swift; path = AddTaskTableViewCell.swift; sourceTree = "<group>"; };
		5678526021D096F300BD6192 /* NotificationSettingViewController.swift */ = {isa = PBXFileReference; lastKnownFileType = sourcecode.swift; path = NotificationSettingViewController.swift; sourceTree = "<group>"; };
		5678526221D0970900BD6192 /* WarningSettingViewController.swift */ = {isa = PBXFileReference; lastKnownFileType = sourcecode.swift; path = WarningSettingViewController.swift; sourceTree = "<group>"; };
		5678526621D0973700BD6192 /* LicenseSettingViewController.swift */ = {isa = PBXFileReference; lastKnownFileType = sourcecode.swift; path = LicenseSettingViewController.swift; sourceTree = "<group>"; };
		567A9D6821E13CBA00894D91 /* TaskSettingViewController.swift */ = {isa = PBXFileReference; lastKnownFileType = sourcecode.swift; path = TaskSettingViewController.swift; sourceTree = "<group>"; };
		567A9D6A21E1408100894D91 /* AddTaskDueTableViewCell.swift */ = {isa = PBXFileReference; lastKnownFileType = sourcecode.swift; path = AddTaskDueTableViewCell.swift; sourceTree = "<group>"; };
		567A9D6C21E1559B00894D91 /* IntExtension.swift */ = {isa = PBXFileReference; lastKnownFileType = sourcecode.swift; path = IntExtension.swift; sourceTree = "<group>"; };
		567FBD252211F8B000DF342B /* AppDefaults.swift */ = {isa = PBXFileReference; lastKnownFileType = sourcecode.swift; path = AppDefaults.swift; sourceTree = "<group>"; };
		568EC45221D6BED4004C8E33 /* TaskNotifTableViewCell.swift */ = {isa = PBXFileReference; lastKnownFileType = sourcecode.swift; path = TaskNotifTableViewCell.swift; sourceTree = "<group>"; };
		568EC45421D6BEE3004C8E33 /* AddTaskDateTableViewCell.swift */ = {isa = PBXFileReference; lastKnownFileType = sourcecode.swift; path = AddTaskDateTableViewCell.swift; sourceTree = "<group>"; };
		568EC45621D6C0FC004C8E33 /* Assets.xcassets */ = {isa = PBXFileReference; lastKnownFileType = folder.assetcatalog; path = Assets.xcassets; sourceTree = "<group>"; };
		568EC45821D8379F004C8E33 /* AddTaskRepeatTableViewCell.swift */ = {isa = PBXFileReference; lastKnownFileType = sourcecode.swift; path = AddTaskRepeatTableViewCell.swift; sourceTree = "<group>"; };
		568EC45A21DAA4A4004C8E33 /* ControlUtil.swift */ = {isa = PBXFileReference; lastKnownFileType = sourcecode.swift; path = ControlUtil.swift; sourceTree = "<group>"; };
		568F803621C36B5F00D8F652 /* List.swift */ = {isa = PBXFileReference; lastKnownFileType = sourcecode.swift; path = List.swift; sourceTree = "<group>"; };
		56C0CB3421DE6F8A0041864C /* AddLabelColorIDTableViewCell.swift */ = {isa = PBXFileReference; lastKnownFileType = sourcecode.swift; path = AddLabelColorIDTableViewCell.swift; sourceTree = "<group>"; };
		56CC3BCF220F2D1400713147 /* WarningDatePickerTableViewCell.swift */ = {isa = PBXFileReference; lastKnownFileType = sourcecode.swift; path = WarningDatePickerTableViewCell.swift; sourceTree = "<group>"; };
		A07E8C5BEDFD7638C623837F /* Pods-Styx.release.xcconfig */ = {isa = PBXFileReference; includeInIndex = 1; lastKnownFileType = text.xcconfig; name = "Pods-Styx.release.xcconfig"; path = "Pods/Target Support Files/Pods-Styx/Pods-Styx.release.xcconfig"; sourceTree = "<group>"; };
		BB9F35C68141377B8E513CDB /* Pods-Styx.debug.xcconfig */ = {isa = PBXFileReference; includeInIndex = 1; lastKnownFileType = text.xcconfig; name = "Pods-Styx.debug.xcconfig"; path = "Pods/Target Support Files/Pods-Styx/Pods-Styx.debug.xcconfig"; sourceTree = "<group>"; };
/* End PBXFileReference section */

/* Begin PBXFrameworksBuildPhase section */
		56435C7021C17D5700D31172 /* Frameworks */ = {
			isa = PBXFrameworksBuildPhase;
			buildActionMask = 2147483647;
			files = (
				0E565F3FC95F5CEA6E556C06 /* Pods_Styx.framework in Frameworks */,
			);
			runOnlyForDeploymentPostprocessing = 0;
		};
/* End PBXFrameworksBuildPhase section */

/* Begin PBXGroup section */
		560A5CD821CD58E80092B0C5 /* ViewController */ = {
			isa = PBXGroup;
			children = (
				56435C9F21C2036000D31172 /* MainViewController.swift */,
				56435CAB21C31AAD00D31172 /* TaskTableViewController.swift */,
				561C543E21CB440E00A880BE /* SideMenuTableViewController.swift */,
				5665355521D6B16600D9FF92 /* AddTaskViewController.swift */,
				5665355721D6B17700D9FF92 /* AddLabelViewController.swift */,
				567A9D6821E13CBA00894D91 /* TaskSettingViewController.swift */,
			);
			path = ViewController;
			sourceTree = "<group>";
		};
		561C542A21C8A49F00A880BE /* Extension */ = {
			isa = PBXGroup;
			children = (
				56435CAD21C3275F00D31172 /* DateExtension.swift */,
				561C542B21C8A4BB00A880BE /* StringExtension.swift */,
				560A5CDB21CD6C820092B0C5 /* UIViewControllerExtension.swift */,
				5665354F21D5C2B800D9FF92 /* ColorExtension.swift */,
				567A9D6C21E1559B00894D91 /* IntExtension.swift */,
			);
			path = Extension;
			sourceTree = "<group>";
		};
		561C542D21C8A56000A880BE /* DialogView */ = {
			isa = PBXGroup;
			children = (
				561C542F21C8A61A00A880BE /* ConfirmDialogView.swift */,
				561C542E21C8A61A00A880BE /* ConfirmDialogView.xib */,
			);
			path = DialogView;
			sourceTree = "<group>";
		};
		56435C6A21C17D5700D31172 = {
			isa = PBXGroup;
			children = (
				56435C7521C17D5700D31172 /* Styx */,
				56435C7421C17D5700D31172 /* Products */,
				BF3B9935CDD7B4BCA0BAA9F0 /* Pods */,
				8B4D119B0519E1DD78D52431 /* Frameworks */,
			);
			sourceTree = "<group>";
		};
		56435C7421C17D5700D31172 /* Products */ = {
			isa = PBXGroup;
			children = (
				56435C7321C17D5700D31172 /* Styx.app */,
			);
			name = Products;
			sourceTree = "<group>";
		};
		56435C7521C17D5700D31172 /* Styx */ = {
			isa = PBXGroup;
			children = (
				56435C8821C17F8900D31172 /* Common */,
				56435C8A21C17FA100D31172 /* Main */,
				56435C8921C17F9500D31172 /* Settings */,
				56435C8B21C17FB700D31172 /* Etc */,
				56435C7621C17D5700D31172 /* AppDelegate.swift */,
				56435C7A21C17D5700D31172 /* Main.storyboard */,
				568EC45621D6C0FC004C8E33 /* Assets.xcassets */,
				56435C7F21C17D5900D31172 /* LaunchScreen.storyboard */,
				56435C8D21C1818F00D31172 /* GoogleService-Info.plist */,
				56435C8221C17D5900D31172 /* Info.plist */,
				56435C9321C1839900D31172 /* Localizable.strings */,
			);
			path = Styx;
			sourceTree = "<group>";
		};
		56435C8821C17F8900D31172 /* Common */ = {
			isa = PBXGroup;
			children = (
				561C542A21C8A49F00A880BE /* Extension */,
				56435C8C21C17FEC00D31172 /* Data */,
				568EC45C21DAA674004C8E33 /* Utilities */,
				5608DABE21D154DC00219D32 /* GlobalConsts.swift */,
				567FBD252211F8B000DF342B /* AppDefaults.swift */,
			);
			path = Common;
			sourceTree = "<group>";
		};
		56435C8921C17F9500D31172 /* Settings */ = {
			isa = PBXGroup;
			children = (
				5678525F21D096D800BD6192 /* TableViewCell */,
				5678525E21D096CF00BD6192 /* ViewController */,
			);
			path = Settings;
			sourceTree = "<group>";
		};
		56435C8A21C17FA100D31172 /* Main */ = {
			isa = PBXGroup;
			children = (
				561C543C21CAFA3F00A880BE /* ListRadioButton.swift */,
				561C542D21C8A56000A880BE /* DialogView */,
				56435CA421C3066C00D31172 /* TableViewCell */,
				560A5CD821CD58E80092B0C5 /* ViewController */,
			);
			path = Main;
			sourceTree = "<group>";
		};
		56435C8B21C17FB700D31172 /* Etc */ = {
			isa = PBXGroup;
			children = (
			);
			path = Etc;
			sourceTree = "<group>";
		};
		56435C8C21C17FEC00D31172 /* Data */ = {
			isa = PBXGroup;
			children = (
				56435CA121C2DC5F00D31172 /* Task.swift */,
				568F803621C36B5F00D8F652 /* List.swift */,
				561C541E21C4065A00A880BE /* Label.swift */,
				561C542021C4067E00A880BE /* Image.swift */,
				561C542221C4161500A880BE /* TaskDB.swift */,
			);
			path = Data;
			sourceTree = "<group>";
		};
		56435CA421C3066C00D31172 /* TableViewCell */ = {
			isa = PBXGroup;
			children = (
				56435CA521C306EF00D31172 /* TaskTableViewCell.swift */,
				561C542621C6F63B00A880BE /* LabelTableViewCell.swift */,
				561C543621CAD6A800A880BE /* ListTableViewCell.swift */,
				561C543A21CAD6CA00A880BE /* ShowCompletedListTableViewCell.swift */,
				5665355321D5C6DC00D9FF92 /* AddLabelTableViewCell.swift */,
				5665355921D6B2FA00D9FF92 /* AddTaskTableViewCell.swift */,
				568EC45221D6BED4004C8E33 /* TaskNotifTableViewCell.swift */,
				568EC45421D6BEE3004C8E33 /* AddTaskDateTableViewCell.swift */,
				568EC45821D8379F004C8E33 /* AddTaskRepeatTableViewCell.swift */,
				56C0CB3421DE6F8A0041864C /* AddLabelColorIDTableViewCell.swift */,
				567A9D6A21E1408100894D91 /* AddTaskDueTableViewCell.swift */,
			);
			path = TableViewCell;
			sourceTree = "<group>";
		};
		5678525E21D096CF00BD6192 /* ViewController */ = {
			isa = PBXGroup;
			children = (
				560A5CDD21CF0C890092B0C5 /* SettingViewController.swift */,
				5678526021D096F300BD6192 /* NotificationSettingViewController.swift */,
				5678526221D0970900BD6192 /* WarningSettingViewController.swift */,
				5678526621D0973700BD6192 /* LicenseSettingViewController.swift */,
			);
			path = ViewController;
			sourceTree = "<group>";
		};
		5678525F21D096D800BD6192 /* TableViewCell */ = {
			isa = PBXGroup;
			children = (
				5608DAC121D164CA00219D32 /* WarningSettingTableViewCell.swift */,
				5608DAC321D164DA00219D32 /* NotificationSettingTableViewCell.swift */,
				56CC3BCF220F2D1400713147 /* WarningDatePickerTableViewCell.swift */,
			);
			path = TableViewCell;
			sourceTree = "<group>";
		};
		568EC45C21DAA674004C8E33 /* Utilities */ = {
			isa = PBXGroup;
			children = (
				568EC45A21DAA4A4004C8E33 /* ControlUtil.swift */,
				561C542421C5A81700A880BE /* FileUtil.swift */,
			);
			path = Utilities;
			sourceTree = "<group>";
		};
		8B4D119B0519E1DD78D52431 /* Frameworks */ = {
			isa = PBXGroup;
			children = (
				47F159ED3098E5E162570D4F /* Pods_Styx.framework */,
			);
			name = Frameworks;
			sourceTree = "<group>";
		};
		BF3B9935CDD7B4BCA0BAA9F0 /* Pods */ = {
			isa = PBXGroup;
			children = (
				BB9F35C68141377B8E513CDB /* Pods-Styx.debug.xcconfig */,
				A07E8C5BEDFD7638C623837F /* Pods-Styx.release.xcconfig */,
			);
			name = Pods;
			sourceTree = "<group>";
		};
/* End PBXGroup section */

/* Begin PBXNativeTarget section */
		56435C7221C17D5700D31172 /* Styx */ = {
			isa = PBXNativeTarget;
			buildConfigurationList = 56435C8521C17D5900D31172 /* Build configuration list for PBXNativeTarget "Styx" */;
			buildPhases = (
				D213DDC2D0FFFA47595870F3 /* [CP] Check Pods Manifest.lock */,
				56435C6F21C17D5700D31172 /* Sources */,
				56435C7021C17D5700D31172 /* Frameworks */,
				56435C7121C17D5700D31172 /* Resources */,
				0844E1F43FD43BE0E9655A5A /* [CP] Embed Pods Frameworks */,
			);
			buildRules = (
			);
			dependencies = (
			);
			name = Styx;
			productName = Styx;
			productReference = 56435C7321C17D5700D31172 /* Styx.app */;
			productType = "com.apple.product-type.application";
		};
/* End PBXNativeTarget section */

/* Begin PBXProject section */
		56435C6B21C17D5700D31172 /* Project object */ = {
			isa = PBXProject;
			attributes = {
				LastSwiftUpdateCheck = 1010;
				LastUpgradeCheck = 1010;
				ORGANIZATIONNAME = Min;
				TargetAttributes = {
					56435C7221C17D5700D31172 = {
						CreatedOnToolsVersion = 10.1;
					};
				};
			};
			buildConfigurationList = 56435C6E21C17D5700D31172 /* Build configuration list for PBXProject "Styx" */;
			compatibilityVersion = "Xcode 9.3";
			developmentRegion = en;
			hasScannedForEncodings = 0;
			knownRegions = (
				en,
				Base,
				"zh-Hans",
				ja,
				es,
				fr,
				de,
				ru,
				"pt-PT",
				it,
				ko,
			);
			mainGroup = 56435C6A21C17D5700D31172;
			productRefGroup = 56435C7421C17D5700D31172 /* Products */;
			projectDirPath = "";
			projectRoot = "";
			targets = (
				56435C7221C17D5700D31172 /* Styx */,
			);
		};
/* End PBXProject section */

/* Begin PBXResourcesBuildPhase section */
		56435C7121C17D5700D31172 /* Resources */ = {
			isa = PBXResourcesBuildPhase;
			buildActionMask = 2147483647;
			files = (
				56435C9121C1839900D31172 /* Localizable.strings in Resources */,
				561C543021C8A61A00A880BE /* ConfirmDialogView.xib in Resources */,
				56435C8121C17D5900D31172 /* LaunchScreen.storyboard in Resources */,
				56435C8E21C1818F00D31172 /* GoogleService-Info.plist in Resources */,
				568EC45721D6C0FD004C8E33 /* Assets.xcassets in Resources */,
				56435C7C21C17D5700D31172 /* Main.storyboard in Resources */,
			);
			runOnlyForDeploymentPostprocessing = 0;
		};
/* End PBXResourcesBuildPhase section */

/* Begin PBXShellScriptBuildPhase section */
		0844E1F43FD43BE0E9655A5A /* [CP] Embed Pods Frameworks */ = {
			isa = PBXShellScriptBuildPhase;
			buildActionMask = 2147483647;
			files = (
			);
			inputFileListPaths = (
				"${PODS_ROOT}/Target Support Files/Pods-Styx/Pods-Styx-frameworks-${CONFIGURATION}-input-files.xcfilelist",
			);
			name = "[CP] Embed Pods Frameworks";
			outputFileListPaths = (
				"${PODS_ROOT}/Target Support Files/Pods-Styx/Pods-Styx-frameworks-${CONFIGURATION}-output-files.xcfilelist",
			);
			runOnlyForDeploymentPostprocessing = 0;
			shellPath = /bin/sh;
			shellScript = "\"${PODS_ROOT}/Target Support Files/Pods-Styx/Pods-Styx-frameworks.sh\"\n";
			showEnvVarsInLog = 0;
		};
		D213DDC2D0FFFA47595870F3 /* [CP] Check Pods Manifest.lock */ = {
			isa = PBXShellScriptBuildPhase;
			buildActionMask = 2147483647;
			files = (
			);
			inputFileListPaths = (
			);
			inputPaths = (
				"${PODS_PODFILE_DIR_PATH}/Podfile.lock",
				"${PODS_ROOT}/Manifest.lock",
			);
			name = "[CP] Check Pods Manifest.lock";
			outputFileListPaths = (
			);
			outputPaths = (
				"$(DERIVED_FILE_DIR)/Pods-Styx-checkManifestLockResult.txt",
			);
			runOnlyForDeploymentPostprocessing = 0;
			shellPath = /bin/sh;
			shellScript = "diff \"${PODS_PODFILE_DIR_PATH}/Podfile.lock\" \"${PODS_ROOT}/Manifest.lock\" > /dev/null\nif [ $? != 0 ] ; then\n    # print error to STDERR\n    echo \"error: The sandbox is not in sync with the Podfile.lock. Run 'pod install' or update your CocoaPods installation.\" >&2\n    exit 1\nfi\n# This output is used by Xcode 'outputs' to avoid re-running this script phase.\necho \"SUCCESS\" > \"${SCRIPT_OUTPUT_FILE_0}\"\n";
			showEnvVarsInLog = 0;
		};
/* End PBXShellScriptBuildPhase section */

/* Begin PBXSourcesBuildPhase section */
		56435C6F21C17D5700D31172 /* Sources */ = {
			isa = PBXSourcesBuildPhase;
			buildActionMask = 2147483647;
			files = (
				5678526321D0970900BD6192 /* WarningSettingViewController.swift in Sources */,
				567FBD262211F8B000DF342B /* AppDefaults.swift in Sources */,
				568EC45321D6BED4004C8E33 /* TaskNotifTableViewCell.swift in Sources */,
				568EC45921D8379F004C8E33 /* AddTaskRepeatTableViewCell.swift in Sources */,
				56C0CB3521DE6F8A0041864C /* AddLabelColorIDTableViewCell.swift in Sources */,
				561C543B21CAD6CA00A880BE /* ShowCompletedListTableViewCell.swift in Sources */,
				56435CA021C2036000D31172 /* MainViewController.swift in Sources */,
				56435CA621C306EF00D31172 /* TaskTableViewCell.swift in Sources */,
				56435CAE21C3276000D31172 /* DateExtension.swift in Sources */,
				561C542721C6F63B00A880BE /* LabelTableViewCell.swift in Sources */,
				5608DAC021D154DC00219D32 /* GlobalConsts.swift in Sources */,
				561C543721CAD6A800A880BE /* ListTableViewCell.swift in Sources */,
				56435CA221C2DC5F00D31172 /* Task.swift in Sources */,
				56435CAC21C31AAD00D31172 /* TaskTableViewController.swift in Sources */,
				567A9D6921E13CBA00894D91 /* TaskSettingViewController.swift in Sources */,
				5608DAC421D164DA00219D32 /* NotificationSettingTableViewCell.swift in Sources */,
				568EC45B21DAA4A4004C8E33 /* ControlUtil.swift in Sources */,
				5678526121D096F300BD6192 /* NotificationSettingViewController.swift in Sources */,
				5665355421D5C6DC00D9FF92 /* AddLabelTableViewCell.swift in Sources */,
				561C543D21CAFA4200A880BE /* ListRadioButton.swift in Sources */,
				5678526721D0973700BD6192 /* LicenseSettingViewController.swift in Sources */,
				567A9D6D21E1559B00894D91 /* IntExtension.swift in Sources */,
				5608DAC221D164CA00219D32 /* WarningSettingTableViewCell.swift in Sources */,
				567A9D6B21E1408100894D91 /* AddTaskDueTableViewCell.swift in Sources */,
				5665355621D6B16600D9FF92 /* AddTaskViewController.swift in Sources */,
				56435C7721C17D5700D31172 /* AppDelegate.swift in Sources */,
				568EC45521D6BEE3004C8E33 /* AddTaskDateTableViewCell.swift in Sources */,
				561C542C21C8A4BB00A880BE /* StringExtension.swift in Sources */,
				561C542321C4161500A880BE /* TaskDB.swift in Sources */,
				561C541F21C4065A00A880BE /* Label.swift in Sources */,
				561C542521C5A81700A880BE /* FileUtil.swift in Sources */,
				561C543121C8A61A00A880BE /* ConfirmDialogView.swift in Sources */,
				5665355A21D6B2FA00D9FF92 /* AddTaskTableViewCell.swift in Sources */,
				5665355021D5C2B800D9FF92 /* ColorExtension.swift in Sources */,
				560A5CDE21CF0C890092B0C5 /* SettingViewController.swift in Sources */,
				561C542121C4067E00A880BE /* Image.swift in Sources */,
				568F803721C36B5F00D8F652 /* List.swift in Sources */,
				56CC3BD0220F2D1400713147 /* WarningDatePickerTableViewCell.swift in Sources */,
				560A5CDC21CD6C820092B0C5 /* UIViewControllerExtension.swift in Sources */,
				561C543F21CB440E00A880BE /* SideMenuTableViewController.swift in Sources */,
				5665355821D6B17700D9FF92 /* AddLabelViewController.swift in Sources */,
			);
			runOnlyForDeploymentPostprocessing = 0;
		};
/* End PBXSourcesBuildPhase section */

/* Begin PBXVariantGroup section */
		5608DABE21D154DC00219D32 /* GlobalConsts.swift */ = {
			isa = PBXVariantGroup;
			children = (
				5608DABF21D154DC00219D32 /* Base */,
			);
			name = GlobalConsts.swift;
			sourceTree = "<group>";
		};
		56435C7A21C17D5700D31172 /* Main.storyboard */ = {
			isa = PBXVariantGroup;
			children = (
				56435C7B21C17D5700D31172 /* Base */,
			);
			name = Main.storyboard;
			sourceTree = "<group>";
		};
		56435C7F21C17D5900D31172 /* LaunchScreen.storyboard */ = {
			isa = PBXVariantGroup;
			children = (
				56435C8021C17D5900D31172 /* Base */,
			);
			name = LaunchScreen.storyboard;
			sourceTree = "<group>";
		};
		56435C9321C1839900D31172 /* Localizable.strings */ = {
			isa = PBXVariantGroup;
			children = (
				56435C9221C1839900D31172 /* en */,
				56435C9421C1846200D31172 /* zh-Hans */,
				56435C9521C1846D00D31172 /* ja */,
				56435C9621C1847F00D31172 /* es */,
				56435C9721C1848D00D31172 /* fr */,
				56435C9821C1849700D31172 /* de */,
				56435C9921C1849F00D31172 /* ru */,
				56435C9A21C184A700D31172 /* pt-PT */,
				56435C9B21C184B000D31172 /* it */,
				56435C9C21C184B900D31172 /* ko */,
			);
			name = Localizable.strings;
			sourceTree = "<group>";
		};
/* End PBXVariantGroup section */

/* Begin XCBuildConfiguration section */
		56435C8321C17D5900D31172 /* Debug */ = {
			isa = XCBuildConfiguration;
			buildSettings = {
				ALWAYS_SEARCH_USER_PATHS = NO;
				CLANG_ANALYZER_LOCALIZABILITY_NONLOCALIZED = YES;
				CLANG_ANALYZER_NONNULL = YES;
				CLANG_ANALYZER_NUMBER_OBJECT_CONVERSION = YES_AGGRESSIVE;
				CLANG_CXX_LANGUAGE_STANDARD = "gnu++14";
				CLANG_CXX_LIBRARY = "libc++";
				CLANG_ENABLE_MODULES = YES;
				CLANG_ENABLE_OBJC_ARC = YES;
				CLANG_ENABLE_OBJC_WEAK = YES;
				CLANG_WARN_BLOCK_CAPTURE_AUTORELEASING = YES;
				CLANG_WARN_BOOL_CONVERSION = YES;
				CLANG_WARN_COMMA = YES;
				CLANG_WARN_CONSTANT_CONVERSION = YES;
				CLANG_WARN_DEPRECATED_OBJC_IMPLEMENTATIONS = YES;
				CLANG_WARN_DIRECT_OBJC_ISA_USAGE = YES_ERROR;
				CLANG_WARN_DOCUMENTATION_COMMENTS = YES;
				CLANG_WARN_EMPTY_BODY = YES;
				CLANG_WARN_ENUM_CONVERSION = YES;
				CLANG_WARN_INFINITE_RECURSION = YES;
				CLANG_WARN_INT_CONVERSION = YES;
				CLANG_WARN_NON_LITERAL_NULL_CONVERSION = YES;
				CLANG_WARN_OBJC_IMPLICIT_RETAIN_SELF = YES;
				CLANG_WARN_OBJC_LITERAL_CONVERSION = YES;
				CLANG_WARN_OBJC_ROOT_CLASS = YES_ERROR;
				CLANG_WARN_RANGE_LOOP_ANALYSIS = YES;
				CLANG_WARN_STRICT_PROTOTYPES = YES;
				CLANG_WARN_SUSPICIOUS_MOVE = YES;
				CLANG_WARN_UNGUARDED_AVAILABILITY = YES_AGGRESSIVE;
				CLANG_WARN_UNREACHABLE_CODE = YES;
				CLANG_WARN__DUPLICATE_METHOD_MATCH = YES;
				CODE_SIGN_IDENTITY = "iPhone Developer";
				COPY_PHASE_STRIP = NO;
				DEBUG_INFORMATION_FORMAT = dwarf;
				ENABLE_STRICT_OBJC_MSGSEND = YES;
				ENABLE_TESTABILITY = YES;
				GCC_C_LANGUAGE_STANDARD = gnu11;
				GCC_DYNAMIC_NO_PIC = NO;
				GCC_NO_COMMON_BLOCKS = YES;
				GCC_OPTIMIZATION_LEVEL = 0;
				GCC_PREPROCESSOR_DEFINITIONS = (
					"DEBUG=1",
					"$(inherited)",
				);
				GCC_WARN_64_TO_32_BIT_CONVERSION = YES;
				GCC_WARN_ABOUT_RETURN_TYPE = YES_ERROR;
				GCC_WARN_UNDECLARED_SELECTOR = YES;
				GCC_WARN_UNINITIALIZED_AUTOS = YES_AGGRESSIVE;
				GCC_WARN_UNUSED_FUNCTION = YES;
				GCC_WARN_UNUSED_VARIABLE = YES;
				IPHONEOS_DEPLOYMENT_TARGET = 11.0;
				MTL_ENABLE_DEBUG_INFO = INCLUDE_SOURCE;
				MTL_FAST_MATH = YES;
				ONLY_ACTIVE_ARCH = YES;
				SDKROOT = iphoneos;
				SWIFT_ACTIVE_COMPILATION_CONDITIONS = DEBUG;
				SWIFT_OPTIMIZATION_LEVEL = "-Onone";
			};
			name = Debug;
		};
		56435C8421C17D5900D31172 /* Release */ = {
			isa = XCBuildConfiguration;
			buildSettings = {
				ALWAYS_SEARCH_USER_PATHS = NO;
				CLANG_ANALYZER_LOCALIZABILITY_NONLOCALIZED = YES;
				CLANG_ANALYZER_NONNULL = YES;
				CLANG_ANALYZER_NUMBER_OBJECT_CONVERSION = YES_AGGRESSIVE;
				CLANG_CXX_LANGUAGE_STANDARD = "gnu++14";
				CLANG_CXX_LIBRARY = "libc++";
				CLANG_ENABLE_MODULES = YES;
				CLANG_ENABLE_OBJC_ARC = YES;
				CLANG_ENABLE_OBJC_WEAK = YES;
				CLANG_WARN_BLOCK_CAPTURE_AUTORELEASING = YES;
				CLANG_WARN_BOOL_CONVERSION = YES;
				CLANG_WARN_COMMA = YES;
				CLANG_WARN_CONSTANT_CONVERSION = YES;
				CLANG_WARN_DEPRECATED_OBJC_IMPLEMENTATIONS = YES;
				CLANG_WARN_DIRECT_OBJC_ISA_USAGE = YES_ERROR;
				CLANG_WARN_DOCUMENTATION_COMMENTS = YES;
				CLANG_WARN_EMPTY_BODY = YES;
				CLANG_WARN_ENUM_CONVERSION = YES;
				CLANG_WARN_INFINITE_RECURSION = YES;
				CLANG_WARN_INT_CONVERSION = YES;
				CLANG_WARN_NON_LITERAL_NULL_CONVERSION = YES;
				CLANG_WARN_OBJC_IMPLICIT_RETAIN_SELF = YES;
				CLANG_WARN_OBJC_LITERAL_CONVERSION = YES;
				CLANG_WARN_OBJC_ROOT_CLASS = YES_ERROR;
				CLANG_WARN_RANGE_LOOP_ANALYSIS = YES;
				CLANG_WARN_STRICT_PROTOTYPES = YES;
				CLANG_WARN_SUSPICIOUS_MOVE = YES;
				CLANG_WARN_UNGUARDED_AVAILABILITY = YES_AGGRESSIVE;
				CLANG_WARN_UNREACHABLE_CODE = YES;
				CLANG_WARN__DUPLICATE_METHOD_MATCH = YES;
				CODE_SIGN_IDENTITY = "iPhone Developer";
				COPY_PHASE_STRIP = NO;
				DEBUG_INFORMATION_FORMAT = "dwarf-with-dsym";
				ENABLE_NS_ASSERTIONS = NO;
				ENABLE_STRICT_OBJC_MSGSEND = YES;
				GCC_C_LANGUAGE_STANDARD = gnu11;
				GCC_NO_COMMON_BLOCKS = YES;
				GCC_WARN_64_TO_32_BIT_CONVERSION = YES;
				GCC_WARN_ABOUT_RETURN_TYPE = YES_ERROR;
				GCC_WARN_UNDECLARED_SELECTOR = YES;
				GCC_WARN_UNINITIALIZED_AUTOS = YES_AGGRESSIVE;
				GCC_WARN_UNUSED_FUNCTION = YES;
				GCC_WARN_UNUSED_VARIABLE = YES;
				IPHONEOS_DEPLOYMENT_TARGET = 11.0;
				MTL_ENABLE_DEBUG_INFO = NO;
				MTL_FAST_MATH = YES;
				SDKROOT = iphoneos;
				SWIFT_COMPILATION_MODE = wholemodule;
				SWIFT_OPTIMIZATION_LEVEL = "-O";
				VALIDATE_PRODUCT = YES;
			};
			name = Release;
		};
		56435C8621C17D5900D31172 /* Debug */ = {
			isa = XCBuildConfiguration;
			baseConfigurationReference = BB9F35C68141377B8E513CDB /* Pods-Styx.debug.xcconfig */;
			buildSettings = {
				ASSETCATALOG_COMPILER_APPICON_NAME = AppIcon;
				CODE_SIGN_STYLE = Automatic;
				DEVELOPMENT_TEAM = N5CD2AU49J;
				INFOPLIST_FILE = Styx/Info.plist;
				LD_RUNPATH_SEARCH_PATHS = (
					"$(inherited)",
					"@executable_path/Frameworks",
				);
				PRODUCT_BUNDLE_IDENTIFIER = com.minhwang.styx;
				PRODUCT_NAME = "$(TARGET_NAME)";
				SWIFT_VERSION = 4.2;
				TARGETED_DEVICE_FAMILY = "1,2";
			};
			name = Debug;
		};
		56435C8721C17D5900D31172 /* Release */ = {
			isa = XCBuildConfiguration;
			baseConfigurationReference = A07E8C5BEDFD7638C623837F /* Pods-Styx.release.xcconfig */;
			buildSettings = {
				ASSETCATALOG_COMPILER_APPICON_NAME = AppIcon;
				CODE_SIGN_STYLE = Automatic;
				DEVELOPMENT_TEAM = N5CD2AU49J;
				INFOPLIST_FILE = Styx/Info.plist;
				LD_RUNPATH_SEARCH_PATHS = (
					"$(inherited)",
					"@executable_path/Frameworks",
				);
				PRODUCT_BUNDLE_IDENTIFIER = com.minhwang.styx;
				PRODUCT_NAME = "$(TARGET_NAME)";
				SWIFT_VERSION = 4.2;
				TARGETED_DEVICE_FAMILY = "1,2";
			};
			name = Release;
		};
/* End XCBuildConfiguration section */

/* Begin XCConfigurationList section */
		56435C6E21C17D5700D31172 /* Build configuration list for PBXProject "Styx" */ = {
			isa = XCConfigurationList;
			buildConfigurations = (
				56435C8321C17D5900D31172 /* Debug */,
				56435C8421C17D5900D31172 /* Release */,
			);
			defaultConfigurationIsVisible = 0;
			defaultConfigurationName = Release;
		};
		56435C8521C17D5900D31172 /* Build configuration list for PBXNativeTarget "Styx" */ = {
			isa = XCConfigurationList;
			buildConfigurations = (
				56435C8621C17D5900D31172 /* Debug */,
				56435C8721C17D5900D31172 /* Release */,
			);
			defaultConfigurationIsVisible = 0;
			defaultConfigurationName = Release;
		};
/* End XCConfigurationList section */
	};
	rootObject = 56435C6B21C17D5700D31172 /* Project object */;
}
